
Microsoft Visual Studio Solution File, Format Version 12.00
# Visual Studio Version 16
VisualStudioVersion = 16.0.31728.76
MinimumVisualStudioVersion = 10.0.40219.1
Project("{FAE04EC0-301F-11D3-BF4B-00C04F79EFBC}") = "WebApplication122", "WebApplication122\WebApplication122.csproj", "{E602B09F-68E3-4A96-8D3A-D6CA324292CA}"
EndProject
Global
	GlobalSection(SolutionConfigurationPlatforms) = preSolution
		Debug|Any CPU = Debug|Any CPU
		Release|Any CPU = Release|Any CPU
	EndGlobalSection
	GlobalSection(ProjectConfigurationPlatforms) = postSolution
		{E602B09F-68E3-4A96-8D3A-D6CA324292CA}.Debug|Any CPU.ActiveCfg = Debug|Any CPU
		{E602B09F-68E3-4A96-8D3A-D6CA324292CA}.Debug|Any CPU.Build.0 = Debug|Any CPU
		{E602B09F-68E3-4A96-8D3A-D6CA324292CA}.Release|Any CPU.ActiveCfg = Release|Any CPU
		{E602B09F-68E3-4A96-8D3A-D6CA324292CA}.Release|Any CPU.Build.0 = Release|Any CPU
	EndGlobalSection
	GlobalSection(SolutionProperties) = preSolution
		HideSolutionNode = FALSE
	EndGlobalSection
	GlobalSection(ExtensibilityGlobals) = postSolution
		SolutionGuid = {47D1A402-9DA6-4B13-B926-0D61737DDB54}
	EndGlobalSection
EndGlobal
